
Microsoft Visual Studio Solution File, Format Version 12.00
# Visual Studio 15
VisualStudioVersion = 15.0.28307.572
MinimumVisualStudioVersion = 10.0.40219.1
Project("{FAE04EC0-301F-11D3-BF4B-00C04F79EFBC}") = "InscricoesOnline", "InscricoesOnline\InscricoesOnline.csproj", "{0A5A6741-BE94-45BE-A489-D9EBD83E5300}"
EndProject
Global
	GlobalSection(SolutionConfigurationPlatforms) = preSolution
		Debug|Any CPU = Debug|Any CPU
		Release|Any CPU = Release|Any CPU
	EndGlobalSection
	GlobalSection(ProjectConfigurationPlatforms) = postSolution
		{0A5A6741-BE94-45BE-A489-D9EBD83E5300}.Debug|Any CPU.ActiveCfg = Debug|Any CPU
		{0A5A6741-BE94-45BE-A489-D9EBD83E5300}.Debug|Any CPU.Build.0 = Debug|Any CPU
		{0A5A6741-BE94-45BE-A489-D9EBD83E5300}.Release|Any CPU.ActiveCfg = Release|Any CPU
		{0A5A6741-BE94-45BE-A489-D9EBD83E5300}.Release|Any CPU.Build.0 = Release|Any CPU
	EndGlobalSection
	GlobalSection(SolutionProperties) = preSolution
		HideSolutionNode = FALSE
	EndGlobalSection
	GlobalSection(ExtensibilityGlobals) = postSolution
		SolutionGuid = {4C8E3BDF-26CA-4A3B-849C-61DE40C52E20}
	EndGlobalSection
EndGlobal
